<?xml version="1.0" encoding="utf-8"?>
<Project ToolsVersion="4.0" xmlns="http://schemas.microsoft.com/developer/msbuild/2003">
  <ItemGroup>
    <Filter Include="源文件">
      <UniqueIdentifier>{4FC737F1-C7A5-4376-A066-2A32D752A2FF}</UniqueIdentifier>
      <Extensions>cpp;c;cc;cxx;c++;cppm;ixx;def;odl;idl;hpj;bat;asm;asmx</Extensions>
    </Filter>
    <Filter Include="头文件">
      <UniqueIdentifier>{93995380-89BD-4b04-88EB-625FBE52EBFB}</UniqueIdentifier>
      <Extensions>h;hh;hpp;hxx;h++;hm;inl;inc;ipp;xsd</Extensions>
    </Filter>
    <Filter Include="资源文件">
      <UniqueIdentifier>{67DA6AB6-F800-4c08-8B7A-83BB121AAD01}</UniqueIdentifier>
      <Extensions>rc;ico;cur;bmp;dlg;rc2;rct;bin;rgs;gif;jpg;jpeg;jpe;resx;tiff;tif;png;wav;mfcribbon-ms</Extensions>
    </Filter>
  </ItemGroup>
  <ItemGroup>
    <ClCompile Include="练习2-1.c">
      <Filter>源文件</Filter>
    </ClCompile>
    <ClCompile Include="练习2-3.c">
      <Filter>源文件</Filter>
    </ClCompile>
    <ClCompile Include="练习2-4.c">
      <Filter>源文件</Filter>
    </ClCompile>
    <ClCompile Include="练习2-6.c">
      <Filter>源文件</Filter>
    </ClCompile>
    <ClCompile Include="练习2-8.c">
      <Filter>源文件</Filter>
    </ClCompile>
    <ClCompile Include="练习2-9.c">
      <Filter>源文件</Filter>
    </ClCompile>
    <ClCompile Include="练习2-10.c">
      <Filter>源文件</Filter>
    </ClCompile>
    <ClCompile Include="练习2-11.c">
      <Filter>源文件</Filter>
    </ClCompile>
    <ClCompile Include="练习2-12.c">
      <Filter>源文件</Filter>
    </ClCompile>
    <ClCompile Include="练习2-13.c">
      <Filter>源文件</Filter>
    </ClCompile>
    <ClCompile Include="练习2-14.c">
      <Filter>源文件</Filter>
    </ClCompile>
    <ClCompile Include="练习2-15.c">
      <Filter>源文件</Filter>
    </ClCompile>
    <ClCompile Include="练习2-17.c">
      <Filter>源文件</Filter>
    </ClCompile>
    <ClCompile Include="练习2-18.c">
      <Filter>源文件</Filter>
    </ClCompile>
    <ClCompile Include="练习3-2.c">
      <Filter>源文件</Filter>
    </ClCompile>
    <ClCompile Include="练习3-3.c">
      <Filter>源文件</Filter>
    </ClCompile>
    <ClCompile Include="练习3-4.c">
      <Filter>源文件</Filter>
    </ClCompile>
    <ClCompile Include="练习3-5.c">
      <Filter>源文件</Filter>
    </ClCompile>
    <ClCompile Include="练习3-7.c">
      <Filter>源文件</Filter>
    </ClCompile>
    <ClCompile Include="练习4-3.c">
      <Filter>源文件</Filter>
    </ClCompile>
    <ClCompile Include="练习4-7.c">
      <Filter>源文件</Filter>
    </ClCompile>
    <ClCompile Include="练习4-10.c">
      <Filter>源文件</Filter>
    </ClCompile>
    <ClCompile Include="练习4-11.c">
      <Filter>源文件</Filter>
    </ClCompile>
    <ClCompile Include="练习5-1.c">
      <Filter>源文件</Filter>
    </ClCompile>
    <ClCompile Include="练习5-2.c">
      <Filter>源文件</Filter>
    </ClCompile>
    <ClCompile Include="练习5-3.c">
      <Filter>源文件</Filter>
    </ClCompile>
    <ClCompile Include="练习6-3.c">
      <Filter>源文件</Filter>
    </ClCompile>
    <ClCompile Include="练习7-2.c">
      <Filter>源文件</Filter>
    </ClCompile>
    <ClCompile Include="练习7-3.c">
      <Filter>源文件</Filter>
    </ClCompile>
    <ClCompile Include="练习7-4.c">
      <Filter>源文件</Filter>
    </ClCompile>
    <ClCompile Include="练习7-4-2.c">
      <Filter>源文件</Filter>
    </ClCompile>
    <ClCompile Include="练习7-7.c">
      <Filter>源文件</Filter>
    </ClCompile>
    <ClCompile Include="练习7-8.c">
      <Filter>源文件</Filter>
    </ClCompile>
    <ClCompile Include="练习7-9.c">
      <Filter>源文件</Filter>
    </ClCompile>
    <ClCompile Include="练习7-10.c">
      <Filter>源文件</Filter>
    </ClCompile>
    <ClCompile Include="练习7-11.c">
      <Filter>源文件</Filter>
    </ClCompile>
    <ClCompile Include="练习8-2.c">
      <Filter>源文件</Filter>
    </ClCompile>
    <ClCompile Include="练习8-8.c">
      <Filter>源文件</Filter>
    </ClCompile>
    <ClCompile Include="练习10-1.c">
      <Filter>源文件</Filter>
    </ClCompile>
    <ClCompile Include="练习11-4.c">
      <Filter>源文件</Filter>
    </ClCompile>
    <ClCompile Include="习题2-1.c">
      <Filter>源文件</Filter>
    </ClCompile>
    <ClCompile Include="习题2-2.c">
      <Filter>源文件</Filter>
    </ClCompile>
    <ClCompile Include="习题2-3.c">
      <Filter>源文件</Filter>
    </ClCompile>
    <ClCompile Include="习题2-4.c">
      <Filter>源文件</Filter>
    </ClCompile>
    <ClCompile Include="习题2-5.c">
      <Filter>源文件</Filter>
    </ClCompile>
    <ClCompile Include="习题2-6.c">
      <Filter>源文件</Filter>
    </ClCompile>
    <ClCompile Include="习题3-1.c">
      <Filter>源文件</Filter>
    </ClCompile>
    <ClCompile Include="习题3-2.c">
      <Filter>源文件</Filter>
    </ClCompile>
    <ClCompile Include="习题3-4.c">
      <Filter>源文件</Filter>
    </ClCompile>
    <ClCompile Include="习题4-1.c">
      <Filter>源文件</Filter>
    </ClCompile>
    <ClCompile Include="习题4-2.c">
      <Filter>源文件</Filter>
    </ClCompile>
    <ClCompile Include="习题4-3.c">
      <Filter>源文件</Filter>
    </ClCompile>
    <ClCompile Include="习题4-4.c">
      <Filter>源文件</Filter>
    </ClCompile>
    <ClCompile Include="习题4-5.c">
      <Filter>源文件</Filter>
    </ClCompile>
    <ClCompile Include="习题4-6.c">
      <Filter>源文件</Filter>
    </ClCompile>
    <ClCompile Include="习题4-7.c">
      <Filter>源文件</Filter>
    </ClCompile>
    <ClCompile Include="习题4-8.c">
      <Filter>源文件</Filter>
    </ClCompile>
    <ClCompile Include="习题4-9.c">
      <Filter>源文件</Filter>
    </ClCompile>
    <ClCompile Include="习题5-1.c">
      <Filter>源文件</Filter>
    </ClCompile>
    <ClCompile Include="习题5-2.c">
      <Filter>源文件</Filter>
    </ClCompile>
    <ClCompile Include="习题5-3.c">
      <Filter>源文件</Filter>
    </ClCompile>
    <ClCompile Include="习题5-4.c">
      <Filter>源文件</Filter>
    </ClCompile>
    <ClCompile Include="习题5-5.c">
      <Filter>源文件</Filter>
    </ClCompile>
    <ClCompile Include="习题5-6.c">
      <Filter>源文件</Filter>
    </ClCompile>
    <ClCompile Include="习题5-6-2.c">
      <Filter>源文件</Filter>
    </ClCompile>
    <ClCompile Include="习题5-7.c">
      <Filter>源文件</Filter>
    </ClCompile>
    <ClCompile Include="习题5-8.c">
      <Filter>源文件</Filter>
    </ClCompile>
    <ClCompile Include="习题6-1.c">
      <Filter>源文件</Filter>
    </ClCompile>
    <ClCompile Include="习题6-2.c">
      <Filter>源文件</Filter>
    </ClCompile>
    <ClCompile Include="习题6-3.c">
      <Filter>源文件</Filter>
    </ClCompile>
    <ClCompile Include="习题6-4.c">
      <Filter>源文件</Filter>
    </ClCompile>
    <ClCompile Include="习题6-5.c">
      <Filter>源文件</Filter>
    </ClCompile>
    <ClCompile Include="习题6-6.c">
      <Filter>源文件</Filter>
    </ClCompile>
    <ClCompile Include="习题6-7.c">
      <Filter>源文件</Filter>
    </ClCompile>
    <ClCompile Include="习题6-8.c">
      <Filter>源文件</Filter>
    </ClCompile>
    <ClCompile Include="习题7-1.c">
      <Filter>源文件</Filter>
    </ClCompile>
    <ClCompile Include="习题7-2.c">
      <Filter>源文件</Filter>
    </ClCompile>
    <ClCompile Include="习题7-3.c">
      <Filter>源文件</Filter>
    </ClCompile>
    <ClCompile Include="习题7-4.c">
      <Filter>源文件</Filter>
    </ClCompile>
    <ClCompile Include="习题7-5.c">
      <Filter>源文件</Filter>
    </ClCompile>
    <ClCompile Include="习题7-6.c">
      <Filter>源文件</Filter>
    </ClCompile>
    <ClCompile Include="习题7-7.c">
      <Filter>源文件</Filter>
    </ClCompile>
    <ClCompile Include="习题7-8.c">
      <Filter>源文件</Filter>
    </ClCompile>
    <ClCompile Include="习题8-1.c">
      <Filter>源文件</Filter>
    </ClCompile>
    <ClCompile Include="习题8-2.c">
      <Filter>源文件</Filter>
    </ClCompile>
    <ClCompile Include="习题8-3.c">
      <Filter>源文件</Filter>
    </ClCompile>
    <ClCompile Include="习题8-3-2.c">
      <Filter>源文件</Filter>
    </ClCompile>
    <ClCompile Include="习题8-4-3.c">
      <Filter>源文件</Filter>
    </ClCompile>
    <ClCompile Include="习题8-5.c">
      <Filter>源文件</Filter>
    </ClCompile>
    <ClCompile Include="习题8-6.c">
      <Filter>源文件</Filter>
    </ClCompile>
    <ClCompile Include="习题8-7.c">
      <Filter>源文件</Filter>
    </ClCompile>
    <ClCompile Include="习题8-8.c">
      <Filter>源文件</Filter>
    </ClCompile>
    <ClCompile Include="习题8-8-2.c">
      <Filter>源文件</Filter>
    </ClCompile>
    <ClCompile Include="习题8-8-3.c">
      <Filter>源文件</Filter>
    </ClCompile>
    <ClCompile Include="习题8-9.c">
      <Filter>源文件</Filter>
    </ClCompile>
    <ClCompile Include="习题8-10.c">
      <Filter>源文件</Filter>
    </ClCompile>
    <ClCompile Include="习题9-1.c">
      <Filter>源文件</Filter>
    </ClCompile>
    <ClCompile Include="习题9-2.c">
      <Filter>源文件</Filter>
    </ClCompile>
    <ClCompile Include="习题9-4.c">
      <Filter>源文件</Filter>
    </ClCompile>
    <ClCompile Include="习题9-5.c">
      <Filter>源文件</Filter>
    </ClCompile>
    <ClCompile Include="习题9-6.c">
      <Filter>源文件</Filter>
    </ClCompile>
    <ClCompile Include="习题10-1.c">
      <Filter>源文件</Filter>
    </ClCompile>
    <ClCompile Include="习题10-2.c">
      <Filter>源文件</Filter>
    </ClCompile>
    <ClCompile Include="习题10-3.c">
      <Filter>源文件</Filter>
    </ClCompile>
    <ClCompile Include="习题10-4.c">
      <Filter>源文件</Filter>
    </ClCompile>
    <ClCompile Include="习题10-4-2.c">
      <Filter>源文件</Filter>
    </ClCompile>
    <ClCompile Include="习题10-5.c">
      <Filter>源文件</Filter>
    </ClCompile>
    <ClCompile Include="习题10-6.c">
      <Filter>源文件</Filter>
    </ClCompile>
    <ClCompile Include="习题10-7.c">
      <Filter>源文件</Filter>
    </ClCompile>
    <ClCompile Include="习题10-8.c">
      <Filter>源文件</Filter>
    </ClCompile>
    <ClCompile Include="习题10-11.c">
      <Filter>源文件</Filter>
    </ClCompile>
    <ClCompile Include="习题11-1.c">
      <Filter>源文件</Filter>
    </ClCompile>
    <ClCompile Include="习题11-2.c">
      <Filter>源文件</Filter>
    </ClCompile>
    <ClCompile Include="习题11-3.c">
      <Filter>源文件</Filter>
    </ClCompile>
    <ClCompile Include="习题11-4.c">
      <Filter>源文件</Filter>
    </ClCompile>
    <ClCompile Include="习题11-5.c">
      <Filter>源文件</Filter>
    </ClCompile>
    <ClCompile Include="习题11-6.c">
      <Filter>源文件</Filter>
    </ClCompile>
    <ClCompile Include="习题11-7.c">
      <Filter>源文件</Filter>
    </ClCompile>
    <ClCompile Include="习题11-8.c">
      <Filter>源文件</Filter>
    </ClCompile>
  </ItemGroup>
</Project>